<?xml version="1.0" encoding="utf-8"?>
<Project ToolsVersion="4.0" xmlns="http://schemas.microsoft.com/developer/msbuild/2003">
  <ItemGroup>
    <ClCompile Include="main.cpp" />
    <ClCompile Include="Common\Camera.cpp">
      <Filter>Common\cpp</Filter>
    </ClCompile>
    <ClCompile Include="Common\d3dApp.cpp">
      <Filter>Common\cpp</Filter>
    </ClCompile>
    <ClCompile Include="Common\d3dUtil.cpp">
      <Filter>Common\cpp</Filter>
    </ClCompile>
    <ClCompile Include="Common\DDSTextureLoader.cpp">
      <Filter>Common\cpp</Filter>
    </ClCompile>
    <ClCompile Include="Common\GameTimer.cpp">
      <Filter>Common\cpp</Filter>
    </ClCompile>
    <ClCompile Include="Common\GeometryGenerator.cpp">
      <Filter>Common\cpp</Filter>
    </ClCompile>
    <ClCompile Include="Common\MathHelper.cpp">
      <Filter>Common\cpp</Filter>
    </ClCompile>
    <ClCompile Include="BoxApp.cpp">
      <Filter>cpp</Filter>
    </ClCompile>
  </ItemGroup>
  <ItemGroup>
    <Filter Include="Common">
      <UniqueIdentifier>{a49bf9c8-8156-4e55-a76a-b62f2200eda6}</UniqueIdentifier>
    </Filter>
    <Filter Include="Common\H">
      <UniqueIdentifier>{f674ba64-58cb-4085-ba60-80f80e9a6c0b}</UniqueIdentifier>
    </Filter>
    <Filter Include="Common\cpp">
      <UniqueIdentifier>{4fa7e69b-963a-4049-895e-75a0f27158c3}</UniqueIdentifier>
    </Filter>
    <Filter Include="cpp">
      <UniqueIdentifier>{11c630aa-ed49-4ceb-b610-e08a42db89a1}</UniqueIdentifier>
    </Filter>
    <Filter Include="H">
      <UniqueIdentifier>{b17514ab-74f3-4e35-ad80-a53d13209cb9}</UniqueIdentifier>
    </Filter>
  </ItemGroup>
  <ItemGroup>
    <ClInclude Include="Common\Camera.h">
      <Filter>Common\H</Filter>
    </ClInclude>
    <ClInclude Include="Common\d3dApp.h">
      <Filter>Common\H</Filter>
    </ClInclude>
    <ClInclude Include="Common\d3dUtil.h">
      <Filter>Common\H</Filter>
    </ClInclude>
    <ClInclude Include="Common\d3dx12.h">
      <Filter>Common\H</Filter>
    </ClInclude>
    <ClInclude Include="Common\DDSTextureLoader.h">
      <Filter>Common\H</Filter>
    </ClInclude>
    <ClInclude Include="Common\GameTimer.h">
      <Filter>Common\H</Filter>
    </ClInclude>
    <ClInclude Include="Common\GeometryGenerator.h">
      <Filter>Common\H</Filter>
    </ClInclude>
    <ClInclude Include="Common\MathHelper.h">
      <Filter>Common\H</Filter>
    </ClInclude>
    <ClInclude Include="Common\UploadBuffer.h">
      <Filter>Common\H</Filter>
    </ClInclude>
    <ClInclude Include="ObjLoader.h">
      <Filter>H</Filter>
    </ClInclude>
    <ClInclude Include="Vertex.h">
      <Filter>H</Filter>
    </ClInclude>
    <ClInclude Include="BoxApp.h">
      <Filter>H</Filter>
    </ClInclude>
  </ItemGroup>
</Project>